
Microsoft Visual Studio Solution File, Format Version 12.00
# Visual Studio Version 17
VisualStudioVersion = 17.14.37012.4
MinimumVisualStudioVersion = 10.0.40219.1
Project("{FAE04EC0-301F-11D3-BF4B-00C04F79EFBC}") = "LibDumbVersion", "LibDumbVersion\LibDumbVersion.csproj", "{D65F058A-6E8B-40E2-B0D6-456E612D01AD}"
EndProject
Project("{FAE04EC0-301F-11D3-BF4B-00C04F79EFBC}") = "DumbVersionCreator", "DumbVersionCreator\DumbVersionCreator.csproj", "{F9547676-31A2-4FF6-B740-F750085243C8}"
EndProject
Project("{FAE04EC0-301F-11D3-BF4B-00C04F79EFBC}") = "DumbVersionPatcher", "DumbVersionPatcher\DumbVersionPatcher.csproj", "{077952DB-42ED-4B0A-B990-75C228152F3B}"
EndProject
Global
	GlobalSection(SolutionConfigurationPlatforms) = preSolution
		Debug|Any CPU = Debug|Any CPU
		Release|Any CPU = Release|Any CPU
	EndGlobalSection
	GlobalSection(ProjectConfigurationPlatforms) = postSolution
		{D65F058A-6E8B-40E2-B0D6-456E612D01AD}.Debug|Any CPU.ActiveCfg = Debug|Any CPU
		{D65F058A-6E8B-40E2-B0D6-456E612D01AD}.Debug|Any CPU.Build.0 = Debug|Any CPU
		{D65F058A-6E8B-40E2-B0D6-456E612D01AD}.Release|Any CPU.ActiveCfg = Release|Any CPU
		{D65F058A-6E8B-40E2-B0D6-456E612D01AD}.Release|Any CPU.Build.0 = Release|Any CPU
		{F9547676-31A2-4FF6-B740-F750085243C8}.Debug|Any CPU.ActiveCfg = Debug|Any CPU
		{F9547676-31A2-4FF6-B740-F750085243C8}.Debug|Any CPU.Build.0 = Debug|Any CPU
		{F9547676-31A2-4FF6-B740-F750085243C8}.Release|Any CPU.ActiveCfg = Release|Any CPU
		{F9547676-31A2-4FF6-B740-F750085243C8}.Release|Any CPU.Build.0 = Release|Any CPU
		{077952DB-42ED-4B0A-B990-75C228152F3B}.Debug|Any CPU.ActiveCfg = Debug|Any CPU
		{077952DB-42ED-4B0A-B990-75C228152F3B}.Debug|Any CPU.Build.0 = Debug|Any CPU
		{077952DB-42ED-4B0A-B990-75C228152F3B}.Release|Any CPU.ActiveCfg = Release|Any CPU
		{077952DB-42ED-4B0A-B990-75C228152F3B}.Release|Any CPU.Build.0 = Release|Any CPU
	EndGlobalSection
	GlobalSection(SolutionProperties) = preSolution
		HideSolutionNode = FALSE
	EndGlobalSection
	GlobalSection(ExtensibilityGlobals) = postSolution
		SolutionGuid = {6F3BA801-E60C-4B7D-8464-2BAF69E36803}
	EndGlobalSection
EndGlobal
